
Microsoft Visual Studio Solution File, Format Version 12.00
# Visual Studio Version 17
VisualStudioVersion = 17.1.32210.238
MinimumVisualStudioVersion = 10.0.40219.1
Project("{FAE04EC0-301F-11D3-BF4B-00C04F79EFBC}") = "basic-core-problems", "basic-core-problems.csproj", "{F28A2C0B-E04B-43E2-BB8A-8057CB2EE887}"
EndProject
Global
	GlobalSection(SolutionConfigurationPlatforms) = preSolution
		Debug|Any CPU = Debug|Any CPU
		Release|Any CPU = Release|Any CPU
	EndGlobalSection
	GlobalSection(ProjectConfigurationPlatforms) = postSolution
		{F28A2C0B-E04B-43E2-BB8A-8057CB2EE887}.Debug|Any CPU.ActiveCfg = Debug|Any CPU
		{F28A2C0B-E04B-43E2-BB8A-8057CB2EE887}.Debug|Any CPU.Build.0 = Debug|Any CPU
		{F28A2C0B-E04B-43E2-BB8A-8057CB2EE887}.Release|Any CPU.ActiveCfg = Release|Any CPU
		{F28A2C0B-E04B-43E2-BB8A-8057CB2EE887}.Release|Any CPU.Build.0 = Release|Any CPU
	EndGlobalSection
	GlobalSection(SolutionProperties) = preSolution
		HideSolutionNode = FALSE
	EndGlobalSection
	GlobalSection(ExtensibilityGlobals) = postSolution
		SolutionGuid = {832C570A-C717-470E-9260-B2AC54ABFEFA}
	EndGlobalSection
EndGlobal
